Microsoft Visual Studio Solution File, Format Version 12.00
# Visual Studio 2012
Project("{FAE04EC0-301F-11D3-BF4B-00C04F79EFBC}") = "Hexplode", "Hexplode.csproj", "{A95283B6-77CB-4AF6-8164-14D3A319A5EB}"
EndProject
Global
	GlobalSection(SolutionConfigurationPlatforms) = preSolution
	Debug|Any CPU = Debug|Any CPU
	ExportDebug|Any CPU = ExportDebug|Any CPU
	ExportRelease|Any CPU = ExportRelease|Any CPU
	EndGlobalSection
	GlobalSection(ProjectConfigurationPlatforms) = postSolution
		{A95283B6-77CB-4AF6-8164-14D3A319A5EB}.Debug|Any CPU.ActiveCfg = Debug|Any CPU
		{A95283B6-77CB-4AF6-8164-14D3A319A5EB}.Debug|Any CPU.Build.0 = Debug|Any CPU
		{A95283B6-77CB-4AF6-8164-14D3A319A5EB}.ExportDebug|Any CPU.ActiveCfg = ExportDebug|Any CPU
		{A95283B6-77CB-4AF6-8164-14D3A319A5EB}.ExportDebug|Any CPU.Build.0 = ExportDebug|Any CPU
		{A95283B6-77CB-4AF6-8164-14D3A319A5EB}.ExportRelease|Any CPU.ActiveCfg = ExportRelease|Any CPU
		{A95283B6-77CB-4AF6-8164-14D3A319A5EB}.ExportRelease|Any CPU.Build.0 = ExportRelease|Any CPU
	EndGlobalSection
EndGlobal
